
Microsoft Visual Studio Solution File, Format Version 12.00
# Visual Studio Version 16
VisualStudioVersion = 16.0.30611.23
MinimumVisualStudioVersion = 10.0.40219.1
Project("{9A19103F-16F7-4668-BE54-9A1E7A4F7556}") = "SCRUMAssignment", "SCRUMAssignment.csproj", "{322AE7CE-E88F-4545-A631-A955EC9BB26B}"
EndProject
Global
	GlobalSection(SolutionConfigurationPlatforms) = preSolution
		Debug|Any CPU = Debug|Any CPU
		Release|Any CPU = Release|Any CPU
	EndGlobalSection
	GlobalSection(ProjectConfigurationPlatforms) = postSolution
		{322AE7CE-E88F-4545-A631-A955EC9BB26B}.Debug|Any CPU.ActiveCfg = Debug|Any CPU
		{322AE7CE-E88F-4545-A631-A955EC9BB26B}.Debug|Any CPU.Build.0 = Debug|Any CPU
		{322AE7CE-E88F-4545-A631-A955EC9BB26B}.Release|Any CPU.ActiveCfg = Release|Any CPU
		{322AE7CE-E88F-4545-A631-A955EC9BB26B}.Release|Any CPU.Build.0 = Release|Any CPU
	EndGlobalSection
	GlobalSection(SolutionProperties) = preSolution
		HideSolutionNode = FALSE
	EndGlobalSection
	GlobalSection(ExtensibilityGlobals) = postSolution
		SolutionGuid = {B8A80CFB-C0C6-473C-A994-A9B4FEA23B09}
	EndGlobalSection
EndGlobal
